
Microsoft Visual Studio Solution File, Format Version 12.00
# Visual Studio Version 17
VisualStudioVersion = 17.8.34330.188
MinimumVisualStudioVersion = 10.0.40219.1
Project("{FAE04EC0-301F-11D3-BF4B-00C04F79EFBC}") = "IntotecsBackendRrs", "IntotecsBackendRrs\IntotecsBackendRrs.csproj", "{75ABDEE2-8658-4025-AC96-0B6B4102883B}"
EndProject
Project("{2150E333-8FDC-42A3-9474-1A3956D46DE8}") = "DAL", "DAL", "{EDB2753F-22A1-47F7-A082-87BB59041B00}"
EndProject
Project("{2150E333-8FDC-42A3-9474-1A3956D46DE8}") = "DOMAIN", "DOMAIN", "{05872E64-F837-4304-97D6-7586336D8B78}"
EndProject
Project("{2150E333-8FDC-42A3-9474-1A3956D46DE8}") = "SERVICE", "SERVICE", "{9303B12C-FB50-4C95-B086-31F7F5074BE1}"
EndProject
Project("{FAE04EC0-301F-11D3-BF4B-00C04F79EFBC}") = "IntotecsBackendRrs.DAL", "IntotecsBackendRrs.DAL\IntotecsBackendRrs.DAL.csproj", "{1B8F1514-765C-4BAB-AFD5-3058FBC7A6A8}"
EndProject
Project("{FAE04EC0-301F-11D3-BF4B-00C04F79EFBC}") = "IntotecsBackendRrs.DOMAIN", "IntotecsBackendRrs.DOMAIN\IntotecsBackendRrs.DOMAIN.csproj", "{11EC1ECA-AEE8-402D-97A7-5AF9046160DA}"
EndProject
Project("{FAE04EC0-301F-11D3-BF4B-00C04F79EFBC}") = "IntotecsBackendRrs.SERVICE", "IntotecsBackendRrs.SERVICE\IntotecsBackendRrs.SERVICE.csproj", "{4B71D8A1-B5B9-413C-8424-8FFFA5B914F9}"
EndProject
Global
	GlobalSection(SolutionConfigurationPlatforms) = preSolution
		Debug|Any CPU = Debug|Any CPU
		Release|Any CPU = Release|Any CPU
	EndGlobalSection
	GlobalSection(ProjectConfigurationPlatforms) = postSolution
		{75ABDEE2-8658-4025-AC96-0B6B4102883B}.Debug|Any CPU.ActiveCfg = Debug|Any CPU
		{75ABDEE2-8658-4025-AC96-0B6B4102883B}.Debug|Any CPU.Build.0 = Debug|Any CPU
		{75ABDEE2-8658-4025-AC96-0B6B4102883B}.Release|Any CPU.ActiveCfg = Release|Any CPU
		{75ABDEE2-8658-4025-AC96-0B6B4102883B}.Release|Any CPU.Build.0 = Release|Any CPU
		{1B8F1514-765C-4BAB-AFD5-3058FBC7A6A8}.Debug|Any CPU.ActiveCfg = Debug|Any CPU
		{1B8F1514-765C-4BAB-AFD5-3058FBC7A6A8}.Debug|Any CPU.Build.0 = Debug|Any CPU
		{1B8F1514-765C-4BAB-AFD5-3058FBC7A6A8}.Release|Any CPU.ActiveCfg = Release|Any CPU
		{1B8F1514-765C-4BAB-AFD5-3058FBC7A6A8}.Release|Any CPU.Build.0 = Release|Any CPU
		{11EC1ECA-AEE8-402D-97A7-5AF9046160DA}.Debug|Any CPU.ActiveCfg = Debug|Any CPU
		{11EC1ECA-AEE8-402D-97A7-5AF9046160DA}.Debug|Any CPU.Build.0 = Debug|Any CPU
		{11EC1ECA-AEE8-402D-97A7-5AF9046160DA}.Release|Any CPU.ActiveCfg = Release|Any CPU
		{11EC1ECA-AEE8-402D-97A7-5AF9046160DA}.Release|Any CPU.Build.0 = Release|Any CPU
		{4B71D8A1-B5B9-413C-8424-8FFFA5B914F9}.Debug|Any CPU.ActiveCfg = Debug|Any CPU
		{4B71D8A1-B5B9-413C-8424-8FFFA5B914F9}.Debug|Any CPU.Build.0 = Debug|Any CPU
		{4B71D8A1-B5B9-413C-8424-8FFFA5B914F9}.Release|Any CPU.ActiveCfg = Release|Any CPU
		{4B71D8A1-B5B9-413C-8424-8FFFA5B914F9}.Release|Any CPU.Build.0 = Release|Any CPU
	EndGlobalSection
	GlobalSection(SolutionProperties) = preSolution
		HideSolutionNode = FALSE
	EndGlobalSection
	GlobalSection(NestedProjects) = preSolution
		{1B8F1514-765C-4BAB-AFD5-3058FBC7A6A8} = {EDB2753F-22A1-47F7-A082-87BB59041B00}
		{11EC1ECA-AEE8-402D-97A7-5AF9046160DA} = {05872E64-F837-4304-97D6-7586336D8B78}
		{4B71D8A1-B5B9-413C-8424-8FFFA5B914F9} = {9303B12C-FB50-4C95-B086-31F7F5074BE1}
	EndGlobalSection
	GlobalSection(ExtensibilityGlobals) = postSolution
		SolutionGuid = {F5FC2633-BD29-47F3-9E09-51A3BF839584}
	EndGlobalSection
EndGlobal
